
Microsoft Visual Studio Solution File, Format Version 12.00
# Visual Studio Version 16
VisualStudioVersion = 16.0.30804.86
MinimumVisualStudioVersion = 10.0.40219.1
Project("{FAE04EC0-301F-11D3-BF4B-00C04F79EFBC}") = "Platform", "Platform.csproj", "{6EF558D5-4A99-4C75-87C8-E753790CDA57}"
EndProject
Global
	GlobalSection(SolutionConfigurationPlatforms) = preSolution
		Debug|Any CPU = Debug|Any CPU
		Release|Any CPU = Release|Any CPU
	EndGlobalSection
	GlobalSection(ProjectConfigurationPlatforms) = postSolution
		{6EF558D5-4A99-4C75-87C8-E753790CDA57}.Debug|Any CPU.ActiveCfg = Debug|Any CPU
		{6EF558D5-4A99-4C75-87C8-E753790CDA57}.Debug|Any CPU.Build.0 = Debug|Any CPU
		{6EF558D5-4A99-4C75-87C8-E753790CDA57}.Release|Any CPU.ActiveCfg = Release|Any CPU
		{6EF558D5-4A99-4C75-87C8-E753790CDA57}.Release|Any CPU.Build.0 = Release|Any CPU
	EndGlobalSection
	GlobalSection(SolutionProperties) = preSolution
		HideSolutionNode = FALSE
	EndGlobalSection
	GlobalSection(ExtensibilityGlobals) = postSolution
		SolutionGuid = {1DCF1C77-F03E-4E09-AB61-B587DD05280D}
	EndGlobalSection
EndGlobal
